// !$*UTF8*$!
{
	archiveVersion = 1;
	classes = {
	};
	objectVersion = 46;
	objects = {

/* Begin PBXBuildFile section */
		1F83F8E91FECDAC800152F80 /* AppDelegate.swift in Sources */ = {isa = PBXBuildFile; fileRef = 1F83F8E81FECDAC800152F80 /* AppDelegate.swift */; };
		1F83F8EB1FECDAC800152F80 /* ViewController.swift in Sources */ = {isa = PBXBuildFile; fileRef = 1F83F8EA1FECDAC800152F80 /* ViewController.swift */; };
		1F83F8EE1FECDAC800152F80 /* Main.storyboard in Resources */ = {isa = PBXBuildFile; fileRef = 1F83F8EC1FECDAC800152F80 /* Main.storyboard */; };
		1F83F8F01FECDAC800152F80 /* Assets.xcassets in Resources */ = {isa = PBXBuildFile; fileRef = 1F83F8EF1FECDAC800152F80 /* Assets.xcassets */; };
		1F83F8F31FECDAC800152F80 /* LaunchScreen.storyboard in Resources */ = {isa = PBXBuildFile; fileRef = 1F83F8F11FECDAC800152F80 /* LaunchScreen.storyboard */; };
		1F83F8FE1FECDAC800152F80 /* prestimTests.swift in Sources */ = {isa = PBXBuildFile; fileRef = 1F83F8FD1FECDAC800152F80 /* prestimTests.swift */; };
		1F83F9091FECDAC800152F80 /* prestimUITests.swift in Sources */ = {isa = PBXBuildFile; fileRef = 1F83F9081FECDAC800152F80 /* prestimUITests.swift */; };
		1FBB25CB1FEE08D0006879E4 /* Data.swift in Sources */ = {isa = PBXBuildFile; fileRef = 1FBB25CA1FEE08D0006879E4 /* Data.swift */; };
		1FBB25CD1FEF52AC006879E4 /* CircleView.swift in Sources */ = {isa = PBXBuildFile; fileRef = 1FBB25CC1FEF52AC006879E4 /* CircleView.swift */; };
		1FBB25CF1FEF6912006879E4 /* ColorCircle.swift in Sources */ = {isa = PBXBuildFile; fileRef = 1FBB25CE1FEF6912006879E4 /* ColorCircle.swift */; };
		1FBB25D11FEF692F006879E4 /* ColorList.swift in Sources */ = {isa = PBXBuildFile; fileRef = 1FBB25D01FEF692F006879E4 /* ColorList.swift */; };
		47BD6FF84A44ED4F78F165C1 /* Pods_prestimUITests.framework in Frameworks */ = {isa = PBXBuildFile; fileRef = CDFF0F294B827871864CBC49 /* Pods_prestimUITests.framework */; };
		61C2D42B50D81BAB466DCCF5 /* Pods_prestimTests.framework in Frameworks */ = {isa = PBXBuildFile; fileRef = B569F02FB97A158FECEC3D6E /* Pods_prestimTests.framework */; };
		D497040F3CB9BB2E0F8A157E /* Pods_prestim.framework in Frameworks */ = {isa = PBXBuildFile; fileRef = A5C63983E09DAAB971FC1673 /* Pods_prestim.framework */; };
/* End PBXBuildFile section */

/* Begin PBXContainerItemProxy section */
		1F83F8FA1FECDAC800152F80 /* PBXContainerItemProxy */ = {
			isa = PBXContainerItemProxy;
			containerPortal = 1F83F8DD1FECDAC800152F80 /* Project object */;
			proxyType = 1;
			remoteGlobalIDString = 1F83F8E41FECDAC800152F80;
			remoteInfo = prestim;
		};
		1F83F9051FECDAC800152F80 /* PBXContainerItemProxy */ = {
			isa = PBXContainerItemProxy;
			containerPortal = 1F83F8DD1FECDAC800152F80 /* Project object */;
			proxyType = 1;
			remoteGlobalIDString = 1F83F8E41FECDAC800152F80;
			remoteInfo = prestim;
		};
/* End PBXContainerItemProxy section */

/* Begin PBXFileReference section */
		1E073848BBA896E6409690B4 /* Pods-prestimTests.debug.xcconfig */ = {isa = PBXFileReference; includeInIndex = 1; lastKnownFileType = text.xcconfig; name = "Pods-prestimTests.debug.xcconfig"; path = "Pods/Target Support Files/Pods-prestimTests/Pods-prestimTests.debug.xcconfig"; sourceTree = "<group>"; };
		1F83F8E51FECDAC800152F80 /* prestim.app */ = {isa = PBXFileReference; explicitFileType = wrapper.application; includeInIndex = 0; path = prestim.app; sourceTree = BUILT_PRODUCTS_DIR; };
		1F83F8E81FECDAC800152F80 /* AppDelegate.swift */ = {isa = PBXFileReference; lastKnownFileType = sourcecode.swift; path = AppDelegate.swift; sourceTree = "<group>"; };
		1F83F8EA1FECDAC800152F80 /* ViewController.swift */ = {isa = PBXFileReference; lastKnownFileType = sourcecode.swift; path = ViewController.swift; sourceTree = "<group>"; };
		1F83F8ED1FECDAC800152F80 /* Base */ = {isa = PBXFileReference; lastKnownFileType = file.storyboard; name = Base; path = Base.lproj/Main.storyboard; sourceTree = "<group>"; };
		1F83F8EF1FECDAC800152F80 /* Assets.xcassets */ = {isa = PBXFileReference; lastKnownFileType = folder.assetcatalog; path = Assets.xcassets; sourceTree = "<group>"; };
		1F83F8F21FECDAC800152F80 /* Base */ = {isa = PBXFileReference; lastKnownFileType = file.storyboard; name = Base; path = Base.lproj/LaunchScreen.storyboard; sourceTree = "<group>"; };
		1F83F8F41FECDAC800152F80 /* Info.plist */ = {isa = PBXFileReference; lastKnownFileType = text.plist.xml; path = Info.plist; sourceTree = "<group>"; };
		1F83F8F91FECDAC800152F80 /* prestimTests.xctest */ = {isa = PBXFileReference; explicitFileType = wrapper.cfbundle; includeInIndex = 0; path = prestimTests.xctest; sourceTree = BUILT_PRODUCTS_DIR; };
		1F83F8FD1FECDAC800152F80 /* prestimTests.swift */ = {isa = PBXFileReference; lastKnownFileType = sourcecode.swift; path = prestimTests.swift; sourceTree = "<group>"; };
		1F83F8FF1FECDAC800152F80 /* Info.plist */ = {isa = PBXFileReference; lastKnownFileType = text.plist.xml; path = Info.plist; sourceTree = "<group>"; };
		1F83F9041FECDAC800152F80 /* prestimUITests.xctest */ = {isa = PBXFileReference; explicitFileType = wrapper.cfbundle; includeInIndex = 0; path = prestimUITests.xctest; sourceTree = BUILT_PRODUCTS_DIR; };
		1F83F9081FECDAC800152F80 /* prestimUITests.swift */ = {isa = PBXFileReference; lastKnownFileType = sourcecode.swift; path = prestimUITests.swift; sourceTree = "<group>"; };
		1F83F90A1FECDAC800152F80 /* Info.plist */ = {isa = PBXFileReference; lastKnownFileType = text.plist.xml; path = Info.plist; sourceTree = "<group>"; };
		1FBB25CA1FEE08D0006879E4 /* Data.swift */ = {isa = PBXFileReference; fileEncoding = 4; lastKnownFileType = sourcecode.swift; path = Data.swift; sourceTree = "<group>"; };
		1FBB25CC1FEF52AC006879E4 /* CircleView.swift */ = {isa = PBXFileReference; fileEncoding = 4; lastKnownFileType = sourcecode.swift; path = CircleView.swift; sourceTree = "<group>"; };
		1FBB25CE1FEF6912006879E4 /* ColorCircle.swift */ = {isa = PBXFileReference; fileEncoding = 4; lastKnownFileType = sourcecode.swift; path = ColorCircle.swift; sourceTree = "<group>"; };
		1FBB25D01FEF692F006879E4 /* ColorList.swift */ = {isa = PBXFileReference; fileEncoding = 4; lastKnownFileType = sourcecode.swift; path = ColorList.swift; sourceTree = "<group>"; };
		22BB8603425E7DF405A8F55C /* Pods-prestim.debug.xcconfig */ = {isa = PBXFileReference; includeInIndex = 1; lastKnownFileType = text.xcconfig; name = "Pods-prestim.debug.xcconfig"; path = "Pods/Target Support Files/Pods-prestim/Pods-prestim.debug.xcconfig"; sourceTree = "<group>"; };
		2D27BA9D19AE814E1300DEA6 /* Pods-prestimUITests.debug.xcconfig */ = {isa = PBXFileReference; includeInIndex = 1; lastKnownFileType = text.xcconfig; name = "Pods-prestimUITests.debug.xcconfig"; path = "Pods/Target Support Files/Pods-prestimUITests/Pods-prestimUITests.debug.xcconfig"; sourceTree = "<group>"; };
		A5C63983E09DAAB971FC1673 /* Pods_prestim.framework */ = {isa = PBXFileReference; explicitFileType = wrapper.framework; includeInIndex = 0; path = Pods_prestim.framework; sourceTree = BUILT_PRODUCTS_DIR; };
		B569F02FB97A158FECEC3D6E /* Pods_prestimTests.framework */ = {isa = PBXFileReference; explicitFileType = wrapper.framework; includeInIndex = 0; path = Pods_prestimTests.framework; sourceTree = BUILT_PRODUCTS_DIR; };
		C1216043D76910C41CFCC96D /* Pods-prestimUITests.release.xcconfig */ = {isa = PBXFileReference; includeInIndex = 1; lastKnownFileType = text.xcconfig; name = "Pods-prestimUITests.release.xcconfig"; path = "Pods/Target Support Files/Pods-prestimUITests/Pods-prestimUITests.release.xcconfig"; sourceTree = "<group>"; };
		C78AD6D02FA20DDF432D86E3 /* Pods-prestim.release.xcconfig */ = {isa = PBXFileReference; includeInIndex = 1; lastKnownFileType = text.xcconfig; name = "Pods-prestim.release.xcconfig"; path = "Pods/Target Support Files/Pods-prestim/Pods-prestim.release.xcconfig"; sourceTree = "<group>"; };
		CDFF0F294B827871864CBC49 /* Pods_prestimUITests.framework */ = {isa = PBXFileReference; explicitFileType = wrapper.framework; includeInIndex = 0; path = Pods_prestimUITests.framework; sourceTree = BUILT_PRODUCTS_DIR; };
		E62CAE8D8CD4D293E8F24B19 /* Pods-prestimTests.release.xcconfig */ = {isa = PBXFileReference; includeInIndex = 1; lastKnownFileType = text.xcconfig; name = "Pods-prestimTests.release.xcconfig"; path = "Pods/Target Support Files/Pods-prestimTests/Pods-prestimTests.release.xcconfig"; sourceTree = "<group>"; };
/* End PBXFileReference section */

/* Begin PBXFrameworksBuildPhase section */
		1F83F8E21FECDAC800152F80 /* Frameworks */ = {
			isa = PBXFrameworksBuildPhase;
			buildActionMask = 2147483647;
			files = (
				D497040F3CB9BB2E0F8A157E /* Pods_prestim.framework in Frameworks */,
			);
			runOnlyForDeploymentPostprocessing = 0;
		};
		1F83F8F61FECDAC800152F80 /* Frameworks */ = {
			isa = PBXFrameworksBuildPhase;
			buildActionMask = 2147483647;
			files = (
				61C2D42B50D81BAB466DCCF5 /* Pods_prestimTests.framework in Frameworks */,
			);
			runOnlyForDeploymentPostprocessing = 0;
		};
		1F83F9011FECDAC800152F80 /* Frameworks */ = {
			isa = PBXFrameworksBuildPhase;
			buildActionMask = 2147483647;
			files = (
				47BD6FF84A44ED4F78F165C1 /* Pods_prestimUITests.framework in Frameworks */,
			);
			runOnlyForDeploymentPostprocessing = 0;
		};
/* End PBXFrameworksBuildPhase section */

/* Begin PBXGroup section */
		1F83F8DC1FECDAC800152F80 = {
			isa = PBXGroup;
			children = (
				1F83F8E71FECDAC800152F80 /* prestim */,
				1F83F8FC1FECDAC800152F80 /* prestimTests */,
				1F83F9071FECDAC800152F80 /* prestimUITests */,
				1F83F8E61FECDAC800152F80 /* Products */,
				D0EB1DF811CB24056460A85E /* Pods */,
				C59C60A5051A57871B1EC74B /* Frameworks */,
			);
			sourceTree = "<group>";
		};
		1F83F8E61FECDAC800152F80 /* Products */ = {
			isa = PBXGroup;
			children = (
				1F83F8E51FECDAC800152F80 /* prestim.app */,
				1F83F8F91FECDAC800152F80 /* prestimTests.xctest */,
				1F83F9041FECDAC800152F80 /* prestimUITests.xctest */,
			);
			name = Products;
			sourceTree = "<group>";
		};
		1F83F8E71FECDAC800152F80 /* prestim */ = {
			isa = PBXGroup;
			children = (
				1F83F8E81FECDAC800152F80 /* AppDelegate.swift */,
				1F83F8EA1FECDAC800152F80 /* ViewController.swift */,
				1F83F8EC1FECDAC800152F80 /* Main.storyboard */,
				1F83F8EF1FECDAC800152F80 /* Assets.xcassets */,
				1F83F8F11FECDAC800152F80 /* LaunchScreen.storyboard */,
				1F83F8F41FECDAC800152F80 /* Info.plist */,
				1FBB25CA1FEE08D0006879E4 /* Data.swift */,
				1FBB25CC1FEF52AC006879E4 /* CircleView.swift */,
				1FBB25CE1FEF6912006879E4 /* ColorCircle.swift */,
				1FBB25D01FEF692F006879E4 /* ColorList.swift */,
			);
			path = prestim;
			sourceTree = "<group>";
		};
		1F83F8FC1FECDAC800152F80 /* prestimTests */ = {
			isa = PBXGroup;
			children = (
				1F83F8FD1FECDAC800152F80 /* prestimTests.swift */,
				1F83F8FF1FECDAC800152F80 /* Info.plist */,
			);
			path = prestimTests;
			sourceTree = "<group>";
		};
		1F83F9071FECDAC800152F80 /* prestimUITests */ = {
			isa = PBXGroup;
			children = (
				1F83F9081FECDAC800152F80 /* prestimUITests.swift */,
				1F83F90A1FECDAC800152F80 /* Info.plist */,
			);
			path = prestimUITests;
			sourceTree = "<group>";
		};
		C59C60A5051A57871B1EC74B /* Frameworks */ = {
			isa = PBXGroup;
			children = (
				A5C63983E09DAAB971FC1673 /* Pods_prestim.framework */,
				B569F02FB97A158FECEC3D6E /* Pods_prestimTests.framework */,
				CDFF0F294B827871864CBC49 /* Pods_prestimUITests.framework */,
			);
			name = Frameworks;
			sourceTree = "<group>";
		};
		D0EB1DF811CB24056460A85E /* Pods */ = {
			isa = PBXGroup;
			children = (
				22BB8603425E7DF405A8F55C /* Pods-prestim.debug.xcconfig */,
				C78AD6D02FA20DDF432D86E3 /* Pods-prestim.release.xcconfig */,
				1E073848BBA896E6409690B4 /* Pods-prestimTests.debug.xcconfig */,
				E62CAE8D8CD4D293E8F24B19 /* Pods-prestimTests.release.xcconfig */,
				2D27BA9D19AE814E1300DEA6 /* Pods-prestimUITests.debug.xcconfig */,
				C1216043D76910C41CFCC96D /* Pods-prestimUITests.release.xcconfig */,
			);
			name = Pods;
			sourceTree = "<group>";
		};
/* End PBXGroup section */

/* Begin PBXNativeTarget section */
		1F83F8E41FECDAC800152F80 /* prestim */ = {
			isa = PBXNativeTarget;
			buildConfigurationList = 1F83F90D1FECDAC800152F80 /* Build configuration list for PBXNativeTarget "prestim" */;
			buildPhases = (
				3865BA9C378BD177F6159311 /* [CP] Check Pods Manifest.lock */,
				1F83F8E11FECDAC800152F80 /* Sources */,
				1F83F8E21FECDAC800152F80 /* Frameworks */,
				1F83F8E31FECDAC800152F80 /* Resources */,
				E443B259D30454CC81B63403 /* [CP] Embed Pods Frameworks */,
				5CAA8C20F09DAF40C90A65BA /* [CP] Copy Pods Resources */,
			);
			buildRules = (
			);
			dependencies = (
			);
			name = prestim;
			productName = prestim;
			productReference = 1F83F8E51FECDAC800152F80 /* prestim.app */;
			productType = "com.apple.product-type.application";
		};
		1F83F8F81FECDAC800152F80 /* prestimTests */ = {
			isa = PBXNativeTarget;
			buildConfigurationList = 1F83F9101FECDAC800152F80 /* Build configuration list for PBXNativeTarget "prestimTests" */;
			buildPhases = (
				174D1336374D5D37D18F5518 /* [CP] Check Pods Manifest.lock */,
				1F83F8F51FECDAC800152F80 /* Sources */,
				1F83F8F61FECDAC800152F80 /* Frameworks */,
				1F83F8F71FECDAC800152F80 /* Resources */,
				B77891EC1ABAF2D9910B83A9 /* [CP] Embed Pods Frameworks */,
				804984A17983E8F9366FFAE8 /* [CP] Copy Pods Resources */,
			);
			buildRules = (
			);
			dependencies = (
				1F83F8FB1FECDAC800152F80 /* PBXTargetDependency */,
			);
			name = prestimTests;
			productName = prestimTests;
			productReference = 1F83F8F91FECDAC800152F80 /* prestimTests.xctest */;
			productType = "com.apple.product-type.bundle.unit-test";
		};
		1F83F9031FECDAC800152F80 /* prestimUITests */ = {
			isa = PBXNativeTarget;
			buildConfigurationList = 1F83F9131FECDAC800152F80 /* Build configuration list for PBXNativeTarget "prestimUITests" */;
			buildPhases = (
				B5B269F0409F43D755A436B2 /* [CP] Check Pods Manifest.lock */,
				1F83F9001FECDAC800152F80 /* Sources */,
				1F83F9011FECDAC800152F80 /* Frameworks */,
				1F83F9021FECDAC800152F80 /* Resources */,
				AB118BE1CBBA30CC2C0083CA /* [CP] Embed Pods Frameworks */,
				3EF44FFBE18C069D9BC5E795 /* [CP] Copy Pods Resources */,
			);
			buildRules = (
			);
			dependencies = (
				1F83F9061FECDAC800152F80 /* PBXTargetDependency */,
			);
			name = prestimUITests;
			productName = prestimUITests;
			productReference = 1F83F9041FECDAC800152F80 /* prestimUITests.xctest */;
			productType = "com.apple.product-type.bundle.ui-testing";
		};
/* End PBXNativeTarget section */

/* Begin PBXProject section */
		1F83F8DD1FECDAC800152F80 /* Project object */ = {
			isa = PBXProject;
			attributes = {
				LastSwiftUpdateCheck = 0830;
				LastUpgradeCheck = 0830;
				ORGANIZATIONNAME = Prestimulus;
				TargetAttributes = {
					1F83F8E41FECDAC800152F80 = {
						CreatedOnToolsVersion = 8.3.2;
						ProvisioningStyle = Automatic;
					};
					1F83F8F81FECDAC800152F80 = {
						CreatedOnToolsVersion = 8.3.2;
						ProvisioningStyle = Automatic;
						TestTargetID = 1F83F8E41FECDAC800152F80;
					};
					1F83F9031FECDAC800152F80 = {
						CreatedOnToolsVersion = 8.3.2;
						ProvisioningStyle = Automatic;
						TestTargetID = 1F83F8E41FECDAC800152F80;
					};
				};
			};
			buildConfigurationList = 1F83F8E01FECDAC800152F80 /* Build configuration list for PBXProject "prestim" */;
			compatibilityVersion = "Xcode 3.2";
			developmentRegion = English;
			hasScannedForEncodings = 0;
			knownRegions = (
				en,
				Base,
			);
			mainGroup = 1F83F8DC1FECDAC800152F80;
			productRefGroup = 1F83F8E61FECDAC800152F80 /* Products */;
			projectDirPath = "";
			projectRoot = "";
			targets = (
				1F83F8E41FECDAC800152F80 /* prestim */,
				1F83F8F81FECDAC800152F80 /* prestimTests */,
				1F83F9031FECDAC800152F80 /* prestimUITests */,
			);
		};
/* End PBXProject section */

/* Begin PBXResourcesBuildPhase section */
		1F83F8E31FECDAC800152F80 /* Resources */ = {
			isa = PBXResourcesBuildPhase;
			buildActionMask = 2147483647;
			files = (
				1F83F8F31FECDAC800152F80 /* LaunchScreen.storyboard in Resources */,
				1F83F8F01FECDAC800152F80 /* Assets.xcassets in Resources */,
				1F83F8EE1FECDAC800152F80 /* Main.storyboard in Resources */,
			);
			runOnlyForDeploymentPostprocessing = 0;
		};
		1F83F8F71FECDAC800152F80 /* Resources */ = {
			isa = PBXResourcesBuildPhase;
			buildActionMask = 2147483647;
			files = (
			);
			runOnlyForDeploymentPostprocessing = 0;
		};
		1F83F9021FECDAC800152F80 /* Resources */ = {
			isa = PBXResourcesBuildPhase;
			buildActionMask = 2147483647;
			files = (
			);
			runOnlyForDeploymentPostprocessing = 0;
		};
/* End PBXResourcesBuildPhase section */

/* Begin PBXShellScriptBuildPhase section */
		174D1336374D5D37D18F5518 /* [CP] Check Pods Manifest.lock */ = {
			isa = PBXShellScriptBuildPhase;
			buildActionMask = 2147483647;
			files = (
			);
			inputPaths = (
				"${PODS_PODFILE_DIR_PATH}/Podfile.lock",
				"${PODS_ROOT}/Manifest.lock",
			);
			name = "[CP] Check Pods Manifest.lock";
			outputPaths = (
				"$(DERIVED_FILE_DIR)/Pods-prestimTests-checkManifestLockResult.txt",
			);
			runOnlyForDeploymentPostprocessing = 0;
			shellPath = /bin/sh;
			shellScript = "diff \"${PODS_PODFILE_DIR_PATH}/Podfile.lock\" \"${PODS_ROOT}/Manifest.lock\" > /dev/null\nif [ $? != 0 ] ; then\n    # print error to STDERR\n    echo \"error: The sandbox is not in sync with the Podfile.lock. Run 'pod install' or update your CocoaPods installation.\" >&2\n    exit 1\nfi\n# This output is used by Xcode 'outputs' to avoid re-running this script phase.\necho \"SUCCESS\" > \"${SCRIPT_OUTPUT_FILE_0}\"\n";
			showEnvVarsInLog = 0;
		};
		3865BA9C378BD177F6159311 /* [CP] Check Pods Manifest.lock */ = {
			isa = PBXShellScriptBuildPhase;
			buildActionMask = 2147483647;
			files = (
			);
			inputPaths = (
				"${PODS_PODFILE_DIR_PATH}/Podfile.lock",
				"${PODS_ROOT}/Manifest.lock",
			);
			name = "[CP] Check Pods Manifest.lock";
			outputPaths = (
				"$(DERIVED_FILE_DIR)/Pods-prestim-checkManifestLockResult.txt",
			);
			runOnlyForDeploymentPostprocessing = 0;
			shellPath = /bin/sh;
			shellScript = "diff \"${PODS_PODFILE_DIR_PATH}/Podfile.lock\" \"${PODS_ROOT}/Manifest.lock\" > /dev/null\nif [ $? != 0 ] ; then\n    # print error to STDERR\n    echo \"error: The sandbox is not in sync with the Podfile.lock. Run 'pod install' or update your CocoaPods installation.\" >&2\n    exit 1\nfi\n# This output is used by Xcode 'outputs' to avoid re-running this script phase.\necho \"SUCCESS\" > \"${SCRIPT_OUTPUT_FILE_0}\"\n";
			showEnvVarsInLog = 0;
		};
		3EF44FFBE18C069D9BC5E795 /* [CP] Copy Pods Resources */ = {
			isa = PBXShellScriptBuildPhase;
			buildActionMask = 2147483647;
			files = (
			);
			inputPaths = (
			);
			name = "[CP] Copy Pods Resources";
			outputPaths = (
			);
			runOnlyForDeploymentPostprocessing = 0;
			shellPath = /bin/sh;
			shellScript = "\"${SRCROOT}/Pods/Target Support Files/Pods-prestimUITests/Pods-prestimUITests-resources.sh\"\n";
			showEnvVarsInLog = 0;
		};
		5CAA8C20F09DAF40C90A65BA /* [CP] Copy Pods Resources */ = {
			isa = PBXShellScriptBuildPhase;
			buildActionMask = 2147483647;
			files = (
			);
			inputPaths = (
			);
			name = "[CP] Copy Pods Resources";
			outputPaths = (
			);
			runOnlyForDeploymentPostprocessing = 0;
			shellPath = /bin/sh;
			shellScript = "\"${SRCROOT}/Pods/Target Support Files/Pods-prestim/Pods-prestim-resources.sh\"\n";
			showEnvVarsInLog = 0;
		};
		804984A17983E8F9366FFAE8 /* [CP] Copy Pods Resources */ = {
			isa = PBXShellScriptBuildPhase;
			buildActionMask = 2147483647;
			files = (
			);
			inputPaths = (
			);
			name = "[CP] Copy Pods Resources";
			outputPaths = (
			);
			runOnlyForDeploymentPostprocessing = 0;
			shellPath = /bin/sh;
			shellScript = "\"${SRCROOT}/Pods/Target Support Files/Pods-prestimTests/Pods-prestimTests-resources.sh\"\n";
			showEnvVarsInLog = 0;
		};
		AB118BE1CBBA30CC2C0083CA /* [CP] Embed Pods Frameworks */ = {
			isa = PBXShellScriptBuildPhase;
			buildActionMask = 2147483647;
			files = (
			);
			inputPaths = (
			);
			name = "[CP] Embed Pods Frameworks";
			outputPaths = (
			);
			runOnlyForDeploymentPostprocessing = 0;
			shellPath = /bin/sh;
			shellScript = "\"${SRCROOT}/Pods/Target Support Files/Pods-prestimUITests/Pods-prestimUITests-frameworks.sh\"\n";
			showEnvVarsInLog = 0;
		};
		B5B269F0409F43D755A436B2 /* [CP] Check Pods Manifest.lock */ = {
			isa = PBXShellScriptBuildPhase;
			buildActionMask = 2147483647;
			files = (
			);
			inputPaths = (
				"${PODS_PODFILE_DIR_PATH}/Podfile.lock",
				"${PODS_ROOT}/Manifest.lock",
			);
			name = "[CP] Check Pods Manifest.lock";
			outputPaths = (
				"$(DERIVED_FILE_DIR)/Pods-prestimUITests-checkManifestLockResult.txt",
			);
			runOnlyForDeploymentPostprocessing = 0;
			shellPath = /bin/sh;
			shellScript = "diff \"${PODS_PODFILE_DIR_PATH}/Podfile.lock\" \"${PODS_ROOT}/Manifest.lock\" > /dev/null\nif [ $? != 0 ] ; then\n    # print error to STDERR\n    echo \"error: The sandbox is not in sync with the Podfile.lock. Run 'pod install' or update your CocoaPods installation.\" >&2\n    exit 1\nfi\n# This output is used by Xcode 'outputs' to avoid re-running this script phase.\necho \"SUCCESS\" > \"${SCRIPT_OUTPUT_FILE_0}\"\n";
			showEnvVarsInLog = 0;
		};
		B77891EC1ABAF2D9910B83A9 /* [CP] Embed Pods Frameworks */ = {
			isa = PBXShellScriptBuildPhase;
			buildActionMask = 2147483647;
			files = (
			);
			inputPaths = (
			);
			name = "[CP] Embed Pods Frameworks";
			outputPaths = (
			);
			runOnlyForDeploymentPostprocessing = 0;
			shellPath = /bin/sh;
			shellScript = "\"${SRCROOT}/Pods/Target Support Files/Pods-prestimTests/Pods-prestimTests-frameworks.sh\"\n";
			showEnvVarsInLog = 0;
		};
		E443B259D30454CC81B63403 /* [CP] Embed Pods Frameworks */ = {
			isa = PBXShellScriptBuildPhase;
			buildActionMask = 2147483647;
			files = (
			);
			inputPaths = (
				"${SRCROOT}/Pods/Target Support Files/Pods-prestim/Pods-prestim-frameworks.sh",
				"${BUILT_PRODUCTS_DIR}/AWSAuthCore/AWSAuthCore.framework",
				"${BUILT_PRODUCTS_DIR}/AWSCognito/AWSCognito.framework",
				"${BUILT_PRODUCTS_DIR}/AWSCognitoIdentityProvider/AWSCognitoIdentityProvider.framework",
				"${BUILT_PRODUCTS_DIR}/AWSCognitoIdentityProviderASF/AWSCognitoIdentityProviderASF.framework",
				"${BUILT_PRODUCTS_DIR}/AWSCore/AWSCore.framework",
				"${BUILT_PRODUCTS_DIR}/AWSDynamoDB/AWSDynamoDB.framework",
				"${BUILT_PRODUCTS_DIR}/AWSMobileClient/AWSMobileClient.framework",
			);
			name = "[CP] Embed Pods Frameworks";
			outputPaths = (
				"${TARGET_BUILD_DIR}/${FRAMEWORKS_FOLDER_PATH}/AWSAuthCore.framework",
				"${TARGET_BUILD_DIR}/${FRAMEWORKS_FOLDER_PATH}/AWSCognito.framework",
				"${TARGET_BUILD_DIR}/${FRAMEWORKS_FOLDER_PATH}/AWSCognitoIdentityProvider.framework",
				"${TARGET_BUILD_DIR}/${FRAMEWORKS_FOLDER_PATH}/AWSCognitoIdentityProviderASF.framework",
				"${TARGET_BUILD_DIR}/${FRAMEWORKS_FOLDER_PATH}/AWSCore.framework",
				"${TARGET_BUILD_DIR}/${FRAMEWORKS_FOLDER_PATH}/AWSDynamoDB.framework",
				"${TARGET_BUILD_DIR}/${FRAMEWORKS_FOLDER_PATH}/AWSMobileClient.framework",
			);
			runOnlyForDeploymentPostprocessing = 0;
			shellPath = /bin/sh;
			shellScript = "\"${SRCROOT}/Pods/Target Support Files/Pods-prestim/Pods-prestim-frameworks.sh\"\n";
			showEnvVarsInLog = 0;
		};
/* End PBXShellScriptBuildPhase section */

/* Begin PBXSourcesBuildPhase section */
		1F83F8E11FECDAC800152F80 /* Sources */ = {
			isa = PBXSourcesBuildPhase;
			buildActionMask = 2147483647;
			files = (
				1FBB25CD1FEF52AC006879E4 /* CircleView.swift in Sources */,
				1F83F8EB1FECDAC800152F80 /* ViewController.swift in Sources */,
				1FBB25CF1FEF6912006879E4 /* ColorCircle.swift in Sources */,
				1FBB25D11FEF692F006879E4 /* ColorList.swift in Sources */,
				1FBB25CB1FEE08D0006879E4 /* Data.swift in Sources */,
				1F83F8E91FECDAC800152F80 /* AppDelegate.swift in Sources */,
			);
			runOnlyForDeploymentPostprocessing = 0;
		};
		1F83F8F51FECDAC800152F80 /* Sources */ = {
			isa = PBXSourcesBuildPhase;
			buildActionMask = 2147483647;
			files = (
				1F83F8FE1FECDAC800152F80 /* prestimTests.swift in Sources */,
			);
			runOnlyForDeploymentPostprocessing = 0;
		};
		1F83F9001FECDAC800152F80 /* Sources */ = {
			isa = PBXSourcesBuildPhase;
			buildActionMask = 2147483647;
			files = (
				1F83F9091FECDAC800152F80 /* prestimUITests.swift in Sources */,
			);
			runOnlyForDeploymentPostprocessing = 0;
		};
/* End PBXSourcesBuildPhase section */

/* Begin PBXTargetDependency section */
		1F83F8FB1FECDAC800152F80 /* PBXTargetDependency */ = {
			isa = PBXTargetDependency;
			target = 1F83F8E41FECDAC800152F80 /* prestim */;
			targetProxy = 1F83F8FA1FECDAC800152F80 /* PBXContainerItemProxy */;
		};
		1F83F9061FECDAC800152F80 /* PBXTargetDependency */ = {
			isa = PBXTargetDependency;
			target = 1F83F8E41FECDAC800152F80 /* prestim */;
			targetProxy = 1F83F9051FECDAC800152F80 /* PBXContainerItemProxy */;
		};
/* End PBXTargetDependency section */

/* Begin PBXVariantGroup section */
		1F83F8EC1FECDAC800152F80 /* Main.storyboard */ = {
			isa = PBXVariantGroup;
			children = (
				1F83F8ED1FECDAC800152F80 /* Base */,
			);
			name = Main.storyboard;
			sourceTree = "<group>";
		};
		1F83F8F11FECDAC800152F80 /* LaunchScreen.storyboard */ = {
			isa = PBXVariantGroup;
			children = (
				1F83F8F21FECDAC800152F80 /* Base */,
			);
			name = LaunchScreen.storyboard;
			sourceTree = "<group>";
		};
/* End PBXVariantGroup section */

/* Begin XCBuildConfiguration section */
		1F83F90B1FECDAC800152F80 /* Debug */ = {
			isa = XCBuildConfiguration;
			buildSettings = {
				ALWAYS_SEARCH_USER_PATHS = NO;
				CLANG_ANALYZER_NONNULL = YES;
				CLANG_ANALYZER_NUMBER_OBJECT_CONVERSION = YES_AGGRESSIVE;
				CLANG_CXX_LANGUAGE_STANDARD = "gnu++0x";
				CLANG_CXX_LIBRARY = "libc++";
				CLANG_ENABLE_MODULES = YES;
				CLANG_ENABLE_OBJC_ARC = YES;
				CLANG_WARN_BOOL_CONVERSION = YES;
				CLANG_WARN_CONSTANT_CONVERSION = YES;
				CLANG_WARN_DIRECT_OBJC_ISA_USAGE = YES_ERROR;
				CLANG_WARN_DOCUMENTATION_COMMENTS = YES;
				CLANG_WARN_EMPTY_BODY = YES;
				CLANG_WARN_ENUM_CONVERSION = YES;
				CLANG_WARN_INFINITE_RECURSION = YES;
				CLANG_WARN_INT_CONVERSION = YES;
				CLANG_WARN_OBJC_ROOT_CLASS = YES_ERROR;
				CLANG_WARN_SUSPICIOUS_MOVE = YES;
				CLANG_WARN_UNREACHABLE_CODE = YES;
				CLANG_WARN__DUPLICATE_METHOD_MATCH = YES;
				"CODE_SIGN_IDENTITY[sdk=iphoneos*]" = "iPhone Developer";
				COPY_PHASE_STRIP = NO;
				DEBUG_INFORMATION_FORMAT = dwarf;
				ENABLE_STRICT_OBJC_MSGSEND = YES;
				ENABLE_TESTABILITY = YES;
				GCC_C_LANGUAGE_STANDARD = gnu99;
				GCC_DYNAMIC_NO_PIC = NO;
				GCC_NO_COMMON_BLOCKS = YES;
				GCC_OPTIMIZATION_LEVEL = 0;
				GCC_PREPROCESSOR_DEFINITIONS = (
					"DEBUG=1",
					"$(inherited)",
				);
				GCC_WARN_64_TO_32_BIT_CONVERSION = YES;
				GCC_WARN_ABOUT_RETURN_TYPE = YES_ERROR;
				GCC_WARN_UNDECLARED_SELECTOR = YES;
				GCC_WARN_UNINITIALIZED_AUTOS = YES_AGGRESSIVE;
				GCC_WARN_UNUSED_FUNCTION = YES;
				GCC_WARN_UNUSED_VARIABLE = YES;
				IPHONEOS_DEPLOYMENT_TARGET = 10.3;
				MTL_ENABLE_DEBUG_INFO = YES;
				ONLY_ACTIVE_ARCH = YES;
				SDKROOT = iphoneos;
				SWIFT_ACTIVE_COMPILATION_CONDITIONS = DEBUG;
				SWIFT_OPTIMIZATION_LEVEL = "-Onone";
				TARGETED_DEVICE_FAMILY = "1,2";
			};
			name = Debug;
		};
		1F83F90C1FECDAC800152F80 /* Release */ = {
			isa = XCBuildConfiguration;
			buildSettings = {
				ALWAYS_SEARCH_USER_PATHS = NO;
				CLANG_ANALYZER_NONNULL = YES;
				CLANG_ANALYZER_NUMBER_OBJECT_CONVERSION = YES_AGGRESSIVE;
				CLANG_CXX_LANGUAGE_STANDARD = "gnu++0x";
				CLANG_CXX_LIBRARY = "libc++";
				CLANG_ENABLE_MODULES = YES;
				CLANG_ENABLE_OBJC_ARC = YES;
				CLANG_WARN_BOOL_CONVERSION = YES;
				CLANG_WARN_CONSTANT_CONVERSION = YES;
				CLANG_WARN_DIRECT_OBJC_ISA_USAGE = YES_ERROR;
				CLANG_WARN_DOCUMENTATION_COMMENTS = YES;
				CLANG_WARN_EMPTY_BODY = YES;
				CLANG_WARN_ENUM_CONVERSION = YES;
				CLANG_WARN_INFINITE_RECURSION = YES;
				CLANG_WARN_INT_CONVERSION = YES;
				CLANG_WARN_OBJC_ROOT_CLASS = YES_ERROR;
				CLANG_WARN_SUSPICIOUS_MOVE = YES;
				CLANG_WARN_UNREACHABLE_CODE = YES;
				CLANG_WARN__DUPLICATE_METHOD_MATCH = YES;
				"CODE_SIGN_IDENTITY[sdk=iphoneos*]" = "iPhone Developer";
				COPY_PHASE_STRIP = NO;
				DEBUG_INFORMATION_FORMAT = "dwarf-with-dsym";
				ENABLE_NS_ASSERTIONS = NO;
				ENABLE_STRICT_OBJC_MSGSEND = YES;
				GCC_C_LANGUAGE_STANDARD = gnu99;
				GCC_NO_COMMON_BLOCKS = YES;
				GCC_WARN_64_TO_32_BIT_CONVERSION = YES;
				GCC_WARN_ABOUT_RETURN_TYPE = YES_ERROR;
				GCC_WARN_UNDECLARED_SELECTOR = YES;
				GCC_WARN_UNINITIALIZED_AUTOS = YES_AGGRESSIVE;
				GCC_WARN_UNUSED_FUNCTION = YES;
				GCC_WARN_UNUSED_VARIABLE = YES;
				IPHONEOS_DEPLOYMENT_TARGET = 10.3;
				MTL_ENABLE_DEBUG_INFO = NO;
				SDKROOT = iphoneos;
				SWIFT_OPTIMIZATION_LEVEL = "-Owholemodule";
				TARGETED_DEVICE_FAMILY = "1,2";
				VALIDATE_PRODUCT = YES;
			};
			name = Release;
		};
		1F83F90E1FECDAC800152F80 /* Debug */ = {
			isa = XCBuildConfiguration;
			baseConfigurationReference = 22BB8603425E7DF405A8F55C /* Pods-prestim.debug.xcconfig */;
			buildSettings = {
				ASSETCATALOG_COMPILER_APPICON_NAME = AppIcon;
				INFOPLIST_FILE = prestim/Info.plist;
				LD_RUNPATH_SEARCH_PATHS = "$(inherited) @executable_path/Frameworks";
				PRODUCT_BUNDLE_IDENTIFIER = WilliamsProductions.prestim;
				PRODUCT_NAME = "$(TARGET_NAME)";
				SWIFT_VERSION = 3.0;
			};
			name = Debug;
		};
		1F83F90F1FECDAC800152F80 /* Release */ = {
			isa = XCBuildConfiguration;
			baseConfigurationReference = C78AD6D02FA20DDF432D86E3 /* Pods-prestim.release.xcconfig */;
			buildSettings = {
				ASSETCATALOG_COMPILER_APPICON_NAME = AppIcon;
				INFOPLIST_FILE = prestim/Info.plist;
				LD_RUNPATH_SEARCH_PATHS = "$(inherited) @executable_path/Frameworks";
				PRODUCT_BUNDLE_IDENTIFIER = WilliamsProductions.prestim;
				PRODUCT_NAME = "$(TARGET_NAME)";
				SWIFT_VERSION = 3.0;
			};
			name = Release;
		};
		1F83F9111FECDAC800152F80 /* Debug */ = {
			isa = XCBuildConfiguration;
			baseConfigurationReference = 1E073848BBA896E6409690B4 /* Pods-prestimTests.debug.xcconfig */;
			buildSettings = {
				ALWAYS_EMBED_SWIFT_STANDARD_LIBRARIES = YES;
				BUNDLE_LOADER = "$(TEST_HOST)";
				INFOPLIST_FILE = prestimTests/Info.plist;
				LD_RUNPATH_SEARCH_PATHS = "$(inherited) @executable_path/Frameworks @loader_path/Frameworks";
				PRODUCT_BUNDLE_IDENTIFIER = WilliamsProductions.prestimTests;
				PRODUCT_NAME = "$(TARGET_NAME)";
				SWIFT_VERSION = 3.0;
				TEST_HOST = "$(BUILT_PRODUCTS_DIR)/prestim.app/prestim";
			};
			name = Debug;
		};
		1F83F9121FECDAC800152F80 /* Release */ = {
			isa = XCBuildConfiguration;
			baseConfigurationReference = E62CAE8D8CD4D293E8F24B19 /* Pods-prestimTests.release.xcconfig */;
			buildSettings = {
				ALWAYS_EMBED_SWIFT_STANDARD_LIBRARIES = YES;
				BUNDLE_LOADER = "$(TEST_HOST)";
				INFOPLIST_FILE = prestimTests/Info.plist;
				LD_RUNPATH_SEARCH_PATHS = "$(inherited) @executable_path/Frameworks @loader_path/Frameworks";
				PRODUCT_BUNDLE_IDENTIFIER = WilliamsProductions.prestimTests;
				PRODUCT_NAME = "$(TARGET_NAME)";
				SWIFT_VERSION = 3.0;
				TEST_HOST = "$(BUILT_PRODUCTS_DIR)/prestim.app/prestim";
			};
			name = Release;
		};
		1F83F9141FECDAC800152F80 /* Debug */ = {
			isa = XCBuildConfiguration;
			baseConfigurationReference = 2D27BA9D19AE814E1300DEA6 /* Pods-prestimUITests.debug.xcconfig */;
			buildSettings = {
				ALWAYS_EMBED_SWIFT_STANDARD_LIBRARIES = YES;
				INFOPLIST_FILE = prestimUITests/Info.plist;
				LD_RUNPATH_SEARCH_PATHS = "$(inherited) @executable_path/Frameworks @loader_path/Frameworks";
				PRODUCT_BUNDLE_IDENTIFIER = WilliamsProductions.prestimUITests;
				PRODUCT_NAME = "$(TARGET_NAME)";
				SWIFT_VERSION = 3.0;
				TEST_TARGET_NAME = prestim;
			};
			name = Debug;
		};
		1F83F9151FECDAC800152F80 /* Release */ = {
			isa = XCBuildConfiguration;
			baseConfigurationReference = C1216043D76910C41CFCC96D /* Pods-prestimUITests.release.xcconfig */;
			buildSettings = {
				ALWAYS_EMBED_SWIFT_STANDARD_LIBRARIES = YES;
				INFOPLIST_FILE = prestimUITests/Info.plist;
				LD_RUNPATH_SEARCH_PATHS = "$(inherited) @executable_path/Frameworks @loader_path/Frameworks";
				PRODUCT_BUNDLE_IDENTIFIER = WilliamsProductions.prestimUITests;
				PRODUCT_NAME = "$(TARGET_NAME)";
				SWIFT_VERSION = 3.0;
				TEST_TARGET_NAME = prestim;
			};
			name = Release;
		};
/* End XCBuildConfiguration section */

/* Begin XCConfigurationList section */
		1F83F8E01FECDAC800152F80 /* Build configuration list for PBXProject "prestim" */ = {
			isa = XCConfigurationList;
			buildConfigurations = (
				1F83F90B1FECDAC800152F80 /* Debug */,
				1F83F90C1FECDAC800152F80 /* Release */,
			);
			defaultConfigurationIsVisible = 0;
			defaultConfigurationName = Release;
		};
		1F83F90D1FECDAC800152F80 /* Build configuration list for PBXNativeTarget "prestim" */ = {
			isa = XCConfigurationList;
			buildConfigurations = (
				1F83F90E1FECDAC800152F80 /* Debug */,
				1F83F90F1FECDAC800152F80 /* Release */,
			);
			defaultConfigurationIsVisible = 0;
			defaultConfigurationName = Release;
		};
		1F83F9101FECDAC800152F80 /* Build configuration list for PBXNativeTarget "prestimTests" */ = {
			isa = XCConfigurationList;
			buildConfigurations = (
				1F83F9111FECDAC800152F80 /* Debug */,
				1F83F9121FECDAC800152F80 /* Release */,
			);
			defaultConfigurationIsVisible = 0;
			defaultConfigurationName = Release;
		};
		1F83F9131FECDAC800152F80 /* Build configuration list for PBXNativeTarget "prestimUITests" */ = {
			isa = XCConfigurationList;
			buildConfigurations = (
				1F83F9141FECDAC800152F80 /* Debug */,
				1F83F9151FECDAC800152F80 /* Release */,
			);
			defaultConfigurationIsVisible = 0;
			defaultConfigurationName = Release;
		};
/* End XCConfigurationList section */
	};
	rootObject = 1F83F8DD1FECDAC800152F80 /* Project object */;
}
